// !$*UTF8*$!
{
	archiveVersion = 1;
	classes = {
	};
	objectVersion = 52;
	objects = {

/* Begin PBXBuildFile section */
		302BB1DE24E1A1C9007B102B /* AppearancePrefsViewController.swift in Sources */ = {isa = PBXBuildFile; fileRef = 302BB1DC24E1A1C9007B102B /* AppearancePrefsViewController.swift */; };
		30A32E19246D7EB800D8DC1B /* AppDelegate.swift in Sources */ = {isa = PBXBuildFile; fileRef = 30A32E18246D7EB800D8DC1B /* AppDelegate.swift */; };
		30A32E1B246D7EB800D8DC1B /* ViewController.swift in Sources */ = {isa = PBXBuildFile; fileRef = 30A32E1A246D7EB800D8DC1B /* ViewController.swift */; };
		30A32E1D246D7EBC00D8DC1B /* Assets.xcassets in Resources */ = {isa = PBXBuildFile; fileRef = 30A32E1C246D7EBC00D8DC1B /* Assets.xcassets */; };
		30A32E20246D7EBC00D8DC1B /* Main.storyboard in Resources */ = {isa = PBXBuildFile; fileRef = 30A32E1E246D7EBC00D8DC1B /* Main.storyboard */; };
		30A32E36246D830A00D8DC1B /* AVFoundation.framework in Frameworks */ = {isa = PBXBuildFile; fileRef = 30A32E35246D830A00D8DC1B /* AVFoundation.framework */; };
		30A32E37246D832000D8DC1B /* FaceKit.framework in Frameworks */ = {isa = PBXBuildFile; fileRef = 30A32E2E246D82F100D8DC1B /* FaceKit.framework */; };
		30A32E3B246D86AF00D8DC1B /* AudionWindow.swift in Sources */ = {isa = PBXBuildFile; fileRef = 30A32E3A246D86AF00D8DC1B /* AudionWindow.swift */; };
		AA30AF7A25AACCAB0008B92A /* FaceKit.framework in Embed Frameworks */ = {isa = PBXBuildFile; fileRef = 30A32E2E246D82F100D8DC1B /* FaceKit.framework */; settings = {ATTRIBUTES = (CodeSignOnCopy, RemoveHeadersOnCopy, ); }; };
		AA446E4125AB772600DBA4C8 /* AudionApplication.swift in Sources */ = {isa = PBXBuildFile; fileRef = AA446E4025AB772600DBA4C8 /* AudionApplication.swift */; };
		AA446E4325AB775C00DBA4C8 /* Constants.swift in Sources */ = {isa = PBXBuildFile; fileRef = AA446E4225AB775C00DBA4C8 /* Constants.swift */; };
		AA446E4525AB782400DBA4C8 /* PlaybackState.swift in Sources */ = {isa = PBXBuildFile; fileRef = AA446E4425AB782400DBA4C8 /* PlaybackState.swift */; };
		AA79843925AA6E5500A10CB9 /* SpotifyAPI in Frameworks */ = {isa = PBXBuildFile; productRef = AA79843825AA6E5500A10CB9 /* SpotifyAPI */; };
		AA79843C25AA6E7600A10CB9 /* SpotifyPlayer.swift in Sources */ = {isa = PBXBuildFile; fileRef = AA79843B25AA6E7600A10CB9 /* SpotifyPlayer.swift */; };
		AA79844225AA82AF00A10CB9 /* KeychainSwift in Frameworks */ = {isa = PBXBuildFile; productRef = AA79844125AA82AF00A10CB9 /* KeychainSwift */; };
		AA9995F925AAADBE002F173D /* SpotifyCredentials.swift in Sources */ = {isa = PBXBuildFile; fileRef = AA9995F825AAADBE002F173D /* SpotifyCredentials.swift */; };
/* End PBXBuildFile section */

/* Begin PBXContainerItemProxy section */
		30A32E2D246D82F100D8DC1B /* PBXContainerItemProxy */ = {
			isa = PBXContainerItemProxy;
			containerPortal = 30A32E28246D82F100D8DC1B /* FaceKit.xcodeproj */;
			proxyType = 2;
			remoteGlobalIDString = 30CAB8B42463AB05004BD5DD;
			remoteInfo = FaceKit;
		};
		30A32E2F246D82F100D8DC1B /* PBXContainerItemProxy */ = {
			isa = PBXContainerItemProxy;
			containerPortal = 30A32E28246D82F100D8DC1B /* FaceKit.xcodeproj */;
			proxyType = 2;
			remoteGlobalIDString = 30D1ABE72465E08A00CF50C6;
			remoteInfo = FaceKitTestApp;
		};
		30A32E31246D830000D8DC1B /* PBXContainerItemProxy */ = {
			isa = PBXContainerItemProxy;
			containerPortal = 30A32E28246D82F100D8DC1B /* FaceKit.xcodeproj */;
			proxyType = 1;
			remoteGlobalIDString = 30CAB8B32463AB05004BD5DD;
			remoteInfo = FaceKit;
		};
/* End PBXContainerItemProxy section */

/* Begin PBXCopyFilesBuildPhase section */
		30A32E39246D832000D8DC1B /* Embed Frameworks */ = {
			isa = PBXCopyFilesBuildPhase;
			buildActionMask = 2147483647;
			dstPath = "";
			dstSubfolderSpec = 10;
			files = (
				AA30AF7A25AACCAB0008B92A /* FaceKit.framework in Embed Frameworks */,
			);
			name = "Embed Frameworks";
			runOnlyForDeploymentPostprocessing = 0;
		};
/* End PBXCopyFilesBuildPhase section */

/* Begin PBXFileReference section */
		302BB1DC24E1A1C9007B102B /* AppearancePrefsViewController.swift */ = {isa = PBXFileReference; lastKnownFileType = sourcecode.swift; path = AppearancePrefsViewController.swift; sourceTree = "<group>"; };
		30A32E15246D7EB800D8DC1B /* Spaudion.app */ = {isa = PBXFileReference; explicitFileType = wrapper.application; includeInIndex = 0; path = Spaudion.app; sourceTree = BUILT_PRODUCTS_DIR; };
		30A32E18246D7EB800D8DC1B /* AppDelegate.swift */ = {isa = PBXFileReference; lastKnownFileType = sourcecode.swift; path = AppDelegate.swift; sourceTree = "<group>"; };
		30A32E1A246D7EB800D8DC1B /* ViewController.swift */ = {isa = PBXFileReference; lastKnownFileType = sourcecode.swift; path = ViewController.swift; sourceTree = "<group>"; };
		30A32E1C246D7EBC00D8DC1B /* Assets.xcassets */ = {isa = PBXFileReference; lastKnownFileType = folder.assetcatalog; path = Assets.xcassets; sourceTree = "<group>"; };
		30A32E1F246D7EBC00D8DC1B /* Base */ = {isa = PBXFileReference; lastKnownFileType = file.storyboard; name = Base; path = Base.lproj/Main.storyboard; sourceTree = "<group>"; };
		30A32E21246D7EBC00D8DC1B /* Info.plist */ = {isa = PBXFileReference; lastKnownFileType = text.plist.xml; path = Info.plist; sourceTree = "<group>"; };
		30A32E22246D7EBC00D8DC1B /* Audion.entitlements */ = {isa = PBXFileReference; lastKnownFileType = text.plist.entitlements; path = Audion.entitlements; sourceTree = "<group>"; };
		30A32E28246D82F100D8DC1B /* FaceKit.xcodeproj */ = {isa = PBXFileReference; lastKnownFileType = "wrapper.pb-project"; name = FaceKit.xcodeproj; path = FaceKit/FaceKit.xcodeproj; sourceTree = "<group>"; };
		30A32E35246D830A00D8DC1B /* AVFoundation.framework */ = {isa = PBXFileReference; lastKnownFileType = wrapper.framework; name = AVFoundation.framework; path = System/Library/Frameworks/AVFoundation.framework; sourceTree = SDKROOT; };
		30A32E3A246D86AF00D8DC1B /* AudionWindow.swift */ = {isa = PBXFileReference; lastKnownFileType = sourcecode.swift; path = AudionWindow.swift; sourceTree = "<group>"; };
		AA446E4025AB772600DBA4C8 /* AudionApplication.swift */ = {isa = PBXFileReference; lastKnownFileType = sourcecode.swift; path = AudionApplication.swift; sourceTree = "<group>"; };
		AA446E4225AB775C00DBA4C8 /* Constants.swift */ = {isa = PBXFileReference; lastKnownFileType = sourcecode.swift; path = Constants.swift; sourceTree = "<group>"; };
		AA446E4425AB782400DBA4C8 /* PlaybackState.swift */ = {isa = PBXFileReference; lastKnownFileType = sourcecode.swift; path = PlaybackState.swift; sourceTree = "<group>"; };
		AA79843B25AA6E7600A10CB9 /* SpotifyPlayer.swift */ = {isa = PBXFileReference; lastKnownFileType = sourcecode.swift; path = SpotifyPlayer.swift; sourceTree = "<group>"; };
		AA9995F825AAADBE002F173D /* SpotifyCredentials.swift */ = {isa = PBXFileReference; lastKnownFileType = sourcecode.swift; path = SpotifyCredentials.swift; sourceTree = "<group>"; };
/* End PBXFileReference section */

/* Begin PBXFrameworksBuildPhase section */
		30A32E12246D7EB800D8DC1B /* Frameworks */ = {
			isa = PBXFrameworksBuildPhase;
			buildActionMask = 2147483647;
			files = (
				30A32E37246D832000D8DC1B /* FaceKit.framework in Frameworks */,
				AA79843925AA6E5500A10CB9 /* SpotifyAPI in Frameworks */,
				AA79844225AA82AF00A10CB9 /* KeychainSwift in Frameworks */,
				30A32E36246D830A00D8DC1B /* AVFoundation.framework in Frameworks */,
			);
			runOnlyForDeploymentPostprocessing = 0;
		};
/* End PBXFrameworksBuildPhase section */

/* Begin PBXGroup section */
		30A32E0C246D7EB800D8DC1B = {
			isa = PBXGroup;
			children = (
				30A32E28246D82F100D8DC1B /* FaceKit.xcodeproj */,
				30A32E17246D7EB800D8DC1B /* Audion */,
				30A32E16246D7EB800D8DC1B /* Products */,
				30A32E33246D830500D8DC1B /* Frameworks */,
			);
			sourceTree = "<group>";
		};
		30A32E16246D7EB800D8DC1B /* Products */ = {
			isa = PBXGroup;
			children = (
				30A32E15246D7EB800D8DC1B /* Spaudion.app */,
			);
			name = Products;
			sourceTree = "<group>";
		};
		30A32E17246D7EB800D8DC1B /* Audion */ = {
			isa = PBXGroup;
			children = (
				30A32E1C246D7EBC00D8DC1B /* Assets.xcassets */,
				30A32E22246D7EBC00D8DC1B /* Audion.entitlements */,
				30A32E21246D7EBC00D8DC1B /* Info.plist */,
				30A32E1E246D7EBC00D8DC1B /* Main.storyboard */,
				30A32E18246D7EB800D8DC1B /* AppDelegate.swift */,
				302BB1DC24E1A1C9007B102B /* AppearancePrefsViewController.swift */,
				AA446E4025AB772600DBA4C8 /* AudionApplication.swift */,
				30A32E3A246D86AF00D8DC1B /* AudionWindow.swift */,
				AA446E4225AB775C00DBA4C8 /* Constants.swift */,
				AA9995F825AAADBE002F173D /* SpotifyCredentials.swift */,
				30A32E1A246D7EB800D8DC1B /* ViewController.swift */,
				AA446E4625AB783D00DBA4C8 /* Spotify support */,
			);
			path = Audion;
			sourceTree = "<group>";
		};
		30A32E29246D82F100D8DC1B /* Products */ = {
			isa = PBXGroup;
			children = (
				30A32E2E246D82F100D8DC1B /* FaceKit.framework */,
				30A32E30246D82F100D8DC1B /* FaceKitTestApp.app */,
			);
			name = Products;
			sourceTree = "<group>";
		};
		30A32E33246D830500D8DC1B /* Frameworks */ = {
			isa = PBXGroup;
			children = (
				30A32E35246D830A00D8DC1B /* AVFoundation.framework */,
			);
			name = Frameworks;
			sourceTree = "<group>";
		};
		AA446E4625AB783D00DBA4C8 /* Spotify support */ = {
			isa = PBXGroup;
			children = (
				AA446E4425AB782400DBA4C8 /* PlaybackState.swift */,
				AA79843B25AA6E7600A10CB9 /* SpotifyPlayer.swift */,
			);
			path = "Spotify support";
			sourceTree = "<group>";
		};
/* End PBXGroup section */

/* Begin PBXNativeTarget section */
		30A32E14246D7EB800D8DC1B /* Spaudion */ = {
			isa = PBXNativeTarget;
			buildConfigurationList = 30A32E25246D7EBC00D8DC1B /* Build configuration list for PBXNativeTarget "Spaudion" */;
			buildPhases = (
				30A32E11246D7EB800D8DC1B /* Sources */,
				30A32E12246D7EB800D8DC1B /* Frameworks */,
				30A32E13246D7EB800D8DC1B /* Resources */,
				30A32E39246D832000D8DC1B /* Embed Frameworks */,
			);
			buildRules = (
			);
			dependencies = (
				30A32E32246D830000D8DC1B /* PBXTargetDependency */,
			);
			name = Spaudion;
			packageProductDependencies = (
				AA79843825AA6E5500A10CB9 /* SpotifyAPI */,
				AA79844125AA82AF00A10CB9 /* KeychainSwift */,
			);
			productName = Audion;
			productReference = 30A32E15246D7EB800D8DC1B /* Spaudion.app */;
			productType = "com.apple.product-type.application";
		};
/* End PBXNativeTarget section */

/* Begin PBXProject section */
		30A32E0D246D7EB800D8DC1B /* Project object */ = {
			isa = PBXProject;
			attributes = {
				LastSwiftUpdateCheck = 1140;
				LastUpgradeCheck = 1200;
				ORGANIZATIONNAME = Panic;
				TargetAttributes = {
					30A32E14246D7EB800D8DC1B = {
						CreatedOnToolsVersion = 11.4.1;
					};
				};
			};
			buildConfigurationList = 30A32E10246D7EB800D8DC1B /* Build configuration list for PBXProject "Audion" */;
			compatibilityVersion = "Xcode 9.3";
			developmentRegion = en;
			hasScannedForEncodings = 0;
			knownRegions = (
				en,
				Base,
			);
			mainGroup = 30A32E0C246D7EB800D8DC1B;
			packageReferences = (
				AA79843725AA6E5500A10CB9 /* XCRemoteSwiftPackageReference "SpotifyAPI" */,
				AA79844025AA82AF00A10CB9 /* XCRemoteSwiftPackageReference "keychain-swift" */,
			);
			productRefGroup = 30A32E16246D7EB800D8DC1B /* Products */;
			projectDirPath = "";
			projectReferences = (
				{
					ProductGroup = 30A32E29246D82F100D8DC1B /* Products */;
					ProjectRef = 30A32E28246D82F100D8DC1B /* FaceKit.xcodeproj */;
				},
			);
			projectRoot = "";
			targets = (
				30A32E14246D7EB800D8DC1B /* Spaudion */,
			);
		};
/* End PBXProject section */

/* Begin PBXReferenceProxy section */
		30A32E2E246D82F100D8DC1B /* FaceKit.framework */ = {
			isa = PBXReferenceProxy;
			fileType = wrapper.framework;
			path = FaceKit.framework;
			remoteRef = 30A32E2D246D82F100D8DC1B /* PBXContainerItemProxy */;
			sourceTree = BUILT_PRODUCTS_DIR;
		};
		30A32E30246D82F100D8DC1B /* FaceKitTestApp.app */ = {
			isa = PBXReferenceProxy;
			fileType = wrapper.application;
			path = FaceKitTestApp.app;
			remoteRef = 30A32E2F246D82F100D8DC1B /* PBXContainerItemProxy */;
			sourceTree = BUILT_PRODUCTS_DIR;
		};
/* End PBXReferenceProxy section */

/* Begin PBXResourcesBuildPhase section */
		30A32E13246D7EB800D8DC1B /* Resources */ = {
			isa = PBXResourcesBuildPhase;
			buildActionMask = 2147483647;
			files = (
				30A32E1D246D7EBC00D8DC1B /* Assets.xcassets in Resources */,
				30A32E20246D7EBC00D8DC1B /* Main.storyboard in Resources */,
			);
			runOnlyForDeploymentPostprocessing = 0;
		};
/* End PBXResourcesBuildPhase section */

/* Begin PBXSourcesBuildPhase section */
		30A32E11246D7EB800D8DC1B /* Sources */ = {
			isa = PBXSourcesBuildPhase;
			buildActionMask = 2147483647;
			files = (
				AA446E4525AB782400DBA4C8 /* PlaybackState.swift in Sources */,
				AA446E4125AB772600DBA4C8 /* AudionApplication.swift in Sources */,
				AA79843C25AA6E7600A10CB9 /* SpotifyPlayer.swift in Sources */,
				30A32E1B246D7EB800D8DC1B /* ViewController.swift in Sources */,
				30A32E3B246D86AF00D8DC1B /* AudionWindow.swift in Sources */,
				30A32E19246D7EB800D8DC1B /* AppDelegate.swift in Sources */,
				302BB1DE24E1A1C9007B102B /* AppearancePrefsViewController.swift in Sources */,
				AA9995F925AAADBE002F173D /* SpotifyCredentials.swift in Sources */,
				AA446E4325AB775C00DBA4C8 /* Constants.swift in Sources */,
			);
			runOnlyForDeploymentPostprocessing = 0;
		};
/* End PBXSourcesBuildPhase section */

/* Begin PBXTargetDependency section */
		30A32E32246D830000D8DC1B /* PBXTargetDependency */ = {
			isa = PBXTargetDependency;
			name = FaceKit;
			targetProxy = 30A32E31246D830000D8DC1B /* PBXContainerItemProxy */;
		};
/* End PBXTargetDependency section */

/* Begin PBXVariantGroup section */
		30A32E1E246D7EBC00D8DC1B /* Main.storyboard */ = {
			isa = PBXVariantGroup;
			children = (
				30A32E1F246D7EBC00D8DC1B /* Base */,
			);
			name = Main.storyboard;
			sourceTree = "<group>";
		};
/* End PBXVariantGroup section */

/* Begin XCBuildConfiguration section */
		30A32E23246D7EBC00D8DC1B /* Debug */ = {
			isa = XCBuildConfiguration;
			buildSettings = {
				ALWAYS_SEARCH_USER_PATHS = NO;
				CLANG_ANALYZER_NONNULL = YES;
				CLANG_ANALYZER_NUMBER_OBJECT_CONVERSION = YES_AGGRESSIVE;
				CLANG_CXX_LANGUAGE_STANDARD = "gnu++14";
				CLANG_CXX_LIBRARY = "libc++";
				CLANG_ENABLE_MODULES = YES;
				CLANG_ENABLE_OBJC_ARC = YES;
				CLANG_ENABLE_OBJC_WEAK = YES;
				CLANG_WARN_BLOCK_CAPTURE_AUTORELEASING = YES;
				CLANG_WARN_BOOL_CONVERSION = YES;
				CLANG_WARN_COMMA = YES;
				CLANG_WARN_CONSTANT_CONVERSION = YES;
				CLANG_WARN_DEPRECATED_OBJC_IMPLEMENTATIONS = YES;
				CLANG_WARN_DIRECT_OBJC_ISA_USAGE = YES_ERROR;
				CLANG_WARN_DOCUMENTATION_COMMENTS = YES;
				CLANG_WARN_EMPTY_BODY = YES;
				CLANG_WARN_ENUM_CONVERSION = YES;
				CLANG_WARN_INFINITE_RECURSION = YES;
				CLANG_WARN_INT_CONVERSION = YES;
				CLANG_WARN_NON_LITERAL_NULL_CONVERSION = YES;
				CLANG_WARN_OBJC_IMPLICIT_RETAIN_SELF = YES;
				CLANG_WARN_OBJC_LITERAL_CONVERSION = YES;
				CLANG_WARN_OBJC_ROOT_CLASS = YES_ERROR;
				CLANG_WARN_QUOTED_INCLUDE_IN_FRAMEWORK_HEADER = YES;
				CLANG_WARN_RANGE_LOOP_ANALYSIS = YES;
				CLANG_WARN_STRICT_PROTOTYPES = YES;
				CLANG_WARN_SUSPICIOUS_MOVE = YES;
				CLANG_WARN_UNGUARDED_AVAILABILITY = YES_AGGRESSIVE;
				CLANG_WARN_UNREACHABLE_CODE = YES;
				CLANG_WARN__DUPLICATE_METHOD_MATCH = YES;
				COPY_PHASE_STRIP = NO;
				DEBUG_INFORMATION_FORMAT = dwarf;
				ENABLE_STRICT_OBJC_MSGSEND = YES;
				ENABLE_TESTABILITY = YES;
				GCC_C_LANGUAGE_STANDARD = gnu11;
				GCC_DYNAMIC_NO_PIC = NO;
				GCC_NO_COMMON_BLOCKS = YES;
				GCC_OPTIMIZATION_LEVEL = 0;
				GCC_PREPROCESSOR_DEFINITIONS = (
					"DEBUG=1",
					"$(inherited)",
				);
				GCC_WARN_64_TO_32_BIT_CONVERSION = YES;
				GCC_WARN_ABOUT_RETURN_TYPE = YES_ERROR;
				GCC_WARN_UNDECLARED_SELECTOR = YES;
				GCC_WARN_UNINITIALIZED_AUTOS = YES_AGGRESSIVE;
				GCC_WARN_UNUSED_FUNCTION = YES;
				GCC_WARN_UNUSED_VARIABLE = YES;
				MACOSX_DEPLOYMENT_TARGET = 10.15;
				MTL_ENABLE_DEBUG_INFO = INCLUDE_SOURCE;
				MTL_FAST_MATH = YES;
				ONLY_ACTIVE_ARCH = YES;
				SDKROOT = macosx;
				SWIFT_ACTIVE_COMPILATION_CONDITIONS = DEBUG;
				SWIFT_OPTIMIZATION_LEVEL = "-Onone";
			};
			name = Debug;
		};
		30A32E24246D7EBC00D8DC1B /* Release */ = {
			isa = XCBuildConfiguration;
			buildSettings = {
				ALWAYS_SEARCH_USER_PATHS = NO;
				CLANG_ANALYZER_NONNULL = YES;
				CLANG_ANALYZER_NUMBER_OBJECT_CONVERSION = YES_AGGRESSIVE;
				CLANG_CXX_LANGUAGE_STANDARD = "gnu++14";
				CLANG_CXX_LIBRARY = "libc++";
				CLANG_ENABLE_MODULES = YES;
				CLANG_ENABLE_OBJC_ARC = YES;
				CLANG_ENABLE_OBJC_WEAK = YES;
				CLANG_WARN_BLOCK_CAPTURE_AUTORELEASING = YES;
				CLANG_WARN_BOOL_CONVERSION = YES;
				CLANG_WARN_COMMA = YES;
				CLANG_WARN_CONSTANT_CONVERSION = YES;
				CLANG_WARN_DEPRECATED_OBJC_IMPLEMENTATIONS = YES;
				CLANG_WARN_DIRECT_OBJC_ISA_USAGE = YES_ERROR;
				CLANG_WARN_DOCUMENTATION_COMMENTS = YES;
				CLANG_WARN_EMPTY_BODY = YES;
				CLANG_WARN_ENUM_CONVERSION = YES;
				CLANG_WARN_INFINITE_RECURSION = YES;
				CLANG_WARN_INT_CONVERSION = YES;
				CLANG_WARN_NON_LITERAL_NULL_CONVERSION = YES;
				CLANG_WARN_OBJC_IMPLICIT_RETAIN_SELF = YES;
				CLANG_WARN_OBJC_LITERAL_CONVERSION = YES;
				CLANG_WARN_OBJC_ROOT_CLASS = YES_ERROR;
				CLANG_WARN_QUOTED_INCLUDE_IN_FRAMEWORK_HEADER = YES;
				CLANG_WARN_RANGE_LOOP_ANALYSIS = YES;
				CLANG_WARN_STRICT_PROTOTYPES = YES;
				CLANG_WARN_SUSPICIOUS_MOVE = YES;
				CLANG_WARN_UNGUARDED_AVAILABILITY = YES_AGGRESSIVE;
				CLANG_WARN_UNREACHABLE_CODE = YES;
				CLANG_WARN__DUPLICATE_METHOD_MATCH = YES;
				COPY_PHASE_STRIP = NO;
				DEBUG_INFORMATION_FORMAT = "dwarf-with-dsym";
				ENABLE_NS_ASSERTIONS = NO;
				ENABLE_STRICT_OBJC_MSGSEND = YES;
				GCC_C_LANGUAGE_STANDARD = gnu11;
				GCC_NO_COMMON_BLOCKS = YES;
				GCC_WARN_64_TO_32_BIT_CONVERSION = YES;
				GCC_WARN_ABOUT_RETURN_TYPE = YES_ERROR;
				GCC_WARN_UNDECLARED_SELECTOR = YES;
				GCC_WARN_UNINITIALIZED_AUTOS = YES_AGGRESSIVE;
				GCC_WARN_UNUSED_FUNCTION = YES;
				GCC_WARN_UNUSED_VARIABLE = YES;
				MACOSX_DEPLOYMENT_TARGET = 10.15;
				MTL_ENABLE_DEBUG_INFO = NO;
				MTL_FAST_MATH = YES;
				SDKROOT = macosx;
				SWIFT_COMPILATION_MODE = wholemodule;
				SWIFT_OPTIMIZATION_LEVEL = "-O";
			};
			name = Release;
		};
		30A32E26246D7EBC00D8DC1B /* Debug */ = {
			isa = XCBuildConfiguration;
			buildSettings = {
				ASSETCATALOG_COMPILER_APPICON_NAME = AppIcon;
				CODE_SIGN_ENTITLEMENTS = Audion/Audion.entitlements;
				CODE_SIGN_IDENTITY = "Apple Development";
				CODE_SIGN_STYLE = Automatic;
				COMBINE_HIDPI_IMAGES = YES;
				DEVELOPMENT_TEAM = 9TC4EP6SEE;
				ENABLE_HARDENED_RUNTIME = YES;
				INFOPLIST_FILE = Audion/Info.plist;
				LD_RUNPATH_SEARCH_PATHS = (
					"$(inherited)",
					"@executable_path/../Frameworks",
				);
				MACOSX_DEPLOYMENT_TARGET = 10.15;
				PRODUCT_BUNDLE_IDENTIFIER = com.steveasleep.Spaudion;
				PRODUCT_NAME = "$(TARGET_NAME)";
				PROVISIONING_PROFILE_SPECIFIER = "";
				SWIFT_VERSION = 5.0;
			};
			name = Debug;
		};
		30A32E27246D7EBC00D8DC1B /* Release */ = {
			isa = XCBuildConfiguration;
			buildSettings = {
				ASSETCATALOG_COMPILER_APPICON_NAME = AppIcon;
				CODE_SIGN_ENTITLEMENTS = Audion/Audion.entitlements;
				CODE_SIGN_IDENTITY = "Apple Development";
				CODE_SIGN_STYLE = Automatic;
				COMBINE_HIDPI_IMAGES = YES;
				DEVELOPMENT_TEAM = 9TC4EP6SEE;
				ENABLE_HARDENED_RUNTIME = YES;
				INFOPLIST_FILE = Audion/Info.plist;
				LD_RUNPATH_SEARCH_PATHS = (
					"$(inherited)",
					"@executable_path/../Frameworks",
				);
				MACOSX_DEPLOYMENT_TARGET = 10.15;
				PRODUCT_BUNDLE_IDENTIFIER = com.steveasleep.Spaudion;
				PRODUCT_NAME = "$(TARGET_NAME)";
				PROVISIONING_PROFILE_SPECIFIER = "";
				SWIFT_VERSION = 5.0;
			};
			name = Release;
		};
/* End XCBuildConfiguration section */

/* Begin XCConfigurationList section */
		30A32E10246D7EB800D8DC1B /* Build configuration list for PBXProject "Audion" */ = {
			isa = XCConfigurationList;
			buildConfigurations = (
				30A32E23246D7EBC00D8DC1B /* Debug */,
				30A32E24246D7EBC00D8DC1B /* Release */,
			);
			defaultConfigurationIsVisible = 0;
			defaultConfigurationName = Release;
		};
		30A32E25246D7EBC00D8DC1B /* Build configuration list for PBXNativeTarget "Spaudion" */ = {
			isa = XCConfigurationList;
			buildConfigurations = (
				30A32E26246D7EBC00D8DC1B /* Debug */,
				30A32E27246D7EBC00D8DC1B /* Release */,
			);
			defaultConfigurationIsVisible = 0;
			defaultConfigurationName = Release;
		};
/* End XCConfigurationList section */

/* Begin XCRemoteSwiftPackageReference section */
		AA79843725AA6E5500A10CB9 /* XCRemoteSwiftPackageReference "SpotifyAPI" */ = {
			isa = XCRemoteSwiftPackageReference;
			repositoryURL = "https://github.com/Peter-Schorn/SpotifyAPI";
			requirement = {
				kind = upToNextMajorVersion;
				minimumVersion = 1.2.1;
			};
		};
		AA79844025AA82AF00A10CB9 /* XCRemoteSwiftPackageReference "keychain-swift" */ = {
			isa = XCRemoteSwiftPackageReference;
			repositoryURL = "https://github.com/evgenyneu/keychain-swift";
			requirement = {
				kind = upToNextMajorVersion;
				minimumVersion = 19.0.0;
			};
		};
/* End XCRemoteSwiftPackageReference section */

/* Begin XCSwiftPackageProductDependency section */
		AA79843825AA6E5500A10CB9 /* SpotifyAPI */ = {
			isa = XCSwiftPackageProductDependency;
			package = AA79843725AA6E5500A10CB9 /* XCRemoteSwiftPackageReference "SpotifyAPI" */;
			productName = SpotifyAPI;
		};
		AA79844125AA82AF00A10CB9 /* KeychainSwift */ = {
			isa = XCSwiftPackageProductDependency;
			package = AA79844025AA82AF00A10CB9 /* XCRemoteSwiftPackageReference "keychain-swift" */;
			productName = KeychainSwift;
		};
/* End XCSwiftPackageProductDependency section */
	};
	rootObject = 30A32E0D246D7EB800D8DC1B /* Project object */;
}
